
Microsoft Visual Studio Solution File, Format Version 11.00
# Visual Studio 2010
Project("{FAE04EC0-301F-11D3-BF4B-00C04F79EFBC}") = "InventoryView", "InventoryView.csproj", "{ED643773-8241-415F-B286-AFAC4D277D33}"
EndProject
Global
	GlobalSection(SolutionConfigurationPlatforms) = preSolution
		Debug|Any CPU = Debug|Any CPU
		Release|Any CPU = Release|Any CPU
	EndGlobalSection
	GlobalSection(ProjectConfigurationPlatforms) = postSolution
		{ED643773-8241-415F-B286-AFAC4D277D33}.Debug|Any CPU.ActiveCfg = Debug|Any CPU
		{ED643773-8241-415F-B286-AFAC4D277D33}.Debug|Any CPU.Build.0 = Debug|Any CPU
		{ED643773-8241-415F-B286-AFAC4D277D33}.Release|Any CPU.ActiveCfg = Release|Any CPU
		{ED643773-8241-415F-B286-AFAC4D277D33}.Release|Any CPU.Build.0 = Release|Any CPU
	EndGlobalSection
	GlobalSection(SolutionProperties) = preSolution
		HideSolutionNode = FALSE
	EndGlobalSection
EndGlobal
